# THIS IS AN AUTOGENERATED FILE. DO NOT EDIT THIS FILE DIRECTLY.
# yarn lockfile v1


chosen-js@^1.7.0:
  version "1.7.0"
  resolved "https://registry.yarnpkg.com/chosen-js/-/chosen-js-1.7.0.tgz#8ceb2e929e2a072886edd384d78989dfbffa58c3"

flatpickr@^3.0.6:
  version "3.0.6"
  resolved "https://registry.yarnpkg.com/flatpickr/-/flatpickr-3.0.6.tgz#81540f1a0f010fa3b96d929943b6396bbb25b1b6"
